
Microsoft Visual Studio Solution File, Format Version 12.00
# Visual Studio Express 14 for Windows Desktop
VisualStudioVersion = 14.0.25420.1
MinimumVisualStudioVersion = 10.0.40219.1
Project("{FAE04EC0-301F-11D3-BF4B-00C04F79EFBC}") = "Scrumlijst", "Scrumlijst\Scrumlijst.csproj", "{7A79B4A0-B354-4CC2-9F58-D3C01A15839B}"
EndProject
Global
	GlobalSection(SolutionConfigurationPlatforms) = preSolution
		Debug|Any CPU = Debug|Any CPU
		Release|Any CPU = Release|Any CPU
	EndGlobalSection
	GlobalSection(ProjectConfigurationPlatforms) = postSolution
		{7A79B4A0-B354-4CC2-9F58-D3C01A15839B}.Debug|Any CPU.ActiveCfg = Debug|Any CPU
		{7A79B4A0-B354-4CC2-9F58-D3C01A15839B}.Debug|Any CPU.Build.0 = Debug|Any CPU
		{7A79B4A0-B354-4CC2-9F58-D3C01A15839B}.Release|Any CPU.ActiveCfg = Release|Any CPU
		{7A79B4A0-B354-4CC2-9F58-D3C01A15839B}.Release|Any CPU.Build.0 = Release|Any CPU
	EndGlobalSection
	GlobalSection(SolutionProperties) = preSolution
		HideSolutionNode = FALSE
	EndGlobalSection
EndGlobal
